
Microsoft Visual Studio Solution File, Format Version 12.00
# Visual Studio Version 16
VisualStudioVersion = 16.0.31410.357
MinimumVisualStudioVersion = 10.0.40219.1
Project("{9A19103F-16F7-4668-BE54-9A1E7A4F7556}") = "BlazorTechniques.Server", "BlazorTechniques\Server\BlazorTechniques.Server.csproj", "{42DBE50C-6917-4636-9DE6-CA323554EFC6}"
EndProject
Project("{9A19103F-16F7-4668-BE54-9A1E7A4F7556}") = "BlazorTechniques.Client", "BlazorTechniques\Client\BlazorTechniques.Client.csproj", "{2B914C80-9A1E-4927-90DE-65770C22F39F}"
EndProject
Project("{9A19103F-16F7-4668-BE54-9A1E7A4F7556}") = "BlazorTechniques.Shared", "BlazorTechniques\Shared\BlazorTechniques.Shared.csproj", "{51A3FB4F-49DB-4EF3-9573-CD89424C1CCD}"
EndProject
Global
	GlobalSection(SolutionConfigurationPlatforms) = preSolution
		Debug|Any CPU = Debug|Any CPU
		Release|Any CPU = Release|Any CPU
	EndGlobalSection
	GlobalSection(ProjectConfigurationPlatforms) = postSolution
		{42DBE50C-6917-4636-9DE6-CA323554EFC6}.Debug|Any CPU.ActiveCfg = Debug|Any CPU
		{42DBE50C-6917-4636-9DE6-CA323554EFC6}.Debug|Any CPU.Build.0 = Debug|Any CPU
		{42DBE50C-6917-4636-9DE6-CA323554EFC6}.Release|Any CPU.ActiveCfg = Release|Any CPU
		{42DBE50C-6917-4636-9DE6-CA323554EFC6}.Release|Any CPU.Build.0 = Release|Any CPU
		{2B914C80-9A1E-4927-90DE-65770C22F39F}.Debug|Any CPU.ActiveCfg = Debug|Any CPU
		{2B914C80-9A1E-4927-90DE-65770C22F39F}.Debug|Any CPU.Build.0 = Debug|Any CPU
		{2B914C80-9A1E-4927-90DE-65770C22F39F}.Release|Any CPU.ActiveCfg = Release|Any CPU
		{2B914C80-9A1E-4927-90DE-65770C22F39F}.Release|Any CPU.Build.0 = Release|Any CPU
		{51A3FB4F-49DB-4EF3-9573-CD89424C1CCD}.Debug|Any CPU.ActiveCfg = Debug|Any CPU
		{51A3FB4F-49DB-4EF3-9573-CD89424C1CCD}.Debug|Any CPU.Build.0 = Debug|Any CPU
		{51A3FB4F-49DB-4EF3-9573-CD89424C1CCD}.Release|Any CPU.ActiveCfg = Release|Any CPU
		{51A3FB4F-49DB-4EF3-9573-CD89424C1CCD}.Release|Any CPU.Build.0 = Release|Any CPU
	EndGlobalSection
	GlobalSection(SolutionProperties) = preSolution
		HideSolutionNode = FALSE
	EndGlobalSection
	GlobalSection(ExtensibilityGlobals) = postSolution
		SolutionGuid = {A4B6687E-C3B3-4F93-916F-FBA4AE6D6A4F}
	EndGlobalSection
EndGlobal
